
Microsoft Visual Studio Solution File, Format Version 12.00
# Visual Studio Version 16
VisualStudioVersion = 16.0.31424.327
MinimumVisualStudioVersion = 10.0.40219.1
Project("{FAE04EC0-301F-11D3-BF4B-00C04F79EFBC}") = "HelloWorld", "HelloWorld\HelloWorld.csproj", "{7819DCE5-775E-4DCC-AA8D-421D12FF5CEA}"
EndProject
Project("{FAE04EC0-301F-11D3-BF4B-00C04F79EFBC}") = "OOTest", "OOTest\OOTest.csproj", "{CEAF653D-6875-4FDD-8A56-C56509FEC845}"
EndProject
Project("{FAE04EC0-301F-11D3-BF4B-00C04F79EFBC}") = "OOConcepts", "OOConcepts\OOConcepts.csproj", "{2C1B4290-8AA9-4893-8506-98EA618E8DD5}"
EndProject
Project("{FAE04EC0-301F-11D3-BF4B-00C04F79EFBC}") = "InheritanceTest", "InheritanceTest\InheritanceTest.csproj", "{22994434-82DF-4529-8993-5A659A8CF06E}"
EndProject
Project("{FAE04EC0-301F-11D3-BF4B-00C04F79EFBC}") = "CommonBaseClassTest", "CommonBaseClassTest\CommonBaseClassTest.csproj", "{6C54E264-9BDF-42E6-9FC9-0C3566F85783}"
EndProject
Project("{FAE04EC0-301F-11D3-BF4B-00C04F79EFBC}") = "StringFormattingTest", "StringFormattingTest\StringFormattingTest.csproj", "{D82A5DEE-A088-4E88-97EB-521CE7B10957}"
EndProject
Project("{FAE04EC0-301F-11D3-BF4B-00C04F79EFBC}") = "StaticTest", "StaticTest\StaticTest.csproj", "{8B238B8A-FE79-4D88-A785-CD0467F43D1E}"
EndProject
Project("{FAE04EC0-301F-11D3-BF4B-00C04F79EFBC}") = "CollectionClassTest", "CollectionClassTest\CollectionClassTest.csproj", "{05A746F9-DFCC-45F6-B737-B54213F6FEF6}"
EndProject
Project("{FAE04EC0-301F-11D3-BF4B-00C04F79EFBC}") = "DBHelloWorld", "DBHelloWorld\DBHelloWorld.csproj", "{96605262-2551-4780-9B8A-8836EACDC49A}"
EndProject
Project("{FAE04EC0-301F-11D3-BF4B-00C04F79EFBC}") = "UserDaoTest", "UserDaoTest\UserDaoTest.csproj", "{564D2082-07DF-4DB9-B240-30693C192C03}"
EndProject
Project("{FAE04EC0-301F-11D3-BF4B-00C04F79EFBC}") = "UserDaoConsoleApp", "UserDaoConsoleApp\UserDaoConsoleApp.csproj", "{53273575-056E-40BB-B50F-BE412B8939A7}"
EndProject
Project("{D954291E-2A0B-460D-934E-DC6B0785DB48}") = "UserDaoLibrary", "UserDaoLibrary\UserDaoLibrary.shproj", "{9263101C-D448-4D45-A662-D16A217F7BB7}"
EndProject
Project("{FAE04EC0-301F-11D3-BF4B-00C04F79EFBC}") = "ExceptionTest", "ExceptionTest\ExceptionTest.csproj", "{0E6C0A93-9F15-4D2B-AC9B-7CCC95D205B5}"
EndProject
Project("{FAE04EC0-301F-11D3-BF4B-00C04F79EFBC}") = "WinFormsHelloWorld", "WinFormsHelloWorld\WinFormsHelloWorld.csproj", "{CBF4BF81-C467-4AD5-89C2-07C7BB465B6C}"
EndProject
Global
	GlobalSection(SharedMSBuildProjectFiles) = preSolution
		UserDaoLibrary\UserDaoLibrary.projitems*{53273575-056e-40bb-b50f-be412b8939a7}*SharedItemsImports = 5
		UserDaoLibrary\UserDaoLibrary.projitems*{9263101c-d448-4d45-a662-d16a217f7bb7}*SharedItemsImports = 13
		UserDaoLibrary\UserDaoLibrary.projitems*{cbf4bf81-c467-4ad5-89c2-07c7bb465b6c}*SharedItemsImports = 5
	EndGlobalSection
	GlobalSection(SolutionConfigurationPlatforms) = preSolution
		Debug|Any CPU = Debug|Any CPU
		Release|Any CPU = Release|Any CPU
	EndGlobalSection
	GlobalSection(ProjectConfigurationPlatforms) = postSolution
		{7819DCE5-775E-4DCC-AA8D-421D12FF5CEA}.Debug|Any CPU.ActiveCfg = Debug|Any CPU
		{7819DCE5-775E-4DCC-AA8D-421D12FF5CEA}.Debug|Any CPU.Build.0 = Debug|Any CPU
		{7819DCE5-775E-4DCC-AA8D-421D12FF5CEA}.Release|Any CPU.ActiveCfg = Release|Any CPU
		{7819DCE5-775E-4DCC-AA8D-421D12FF5CEA}.Release|Any CPU.Build.0 = Release|Any CPU
		{CEAF653D-6875-4FDD-8A56-C56509FEC845}.Debug|Any CPU.ActiveCfg = Debug|Any CPU
		{CEAF653D-6875-4FDD-8A56-C56509FEC845}.Debug|Any CPU.Build.0 = Debug|Any CPU
		{CEAF653D-6875-4FDD-8A56-C56509FEC845}.Release|Any CPU.ActiveCfg = Release|Any CPU
		{CEAF653D-6875-4FDD-8A56-C56509FEC845}.Release|Any CPU.Build.0 = Release|Any CPU
		{2C1B4290-8AA9-4893-8506-98EA618E8DD5}.Debug|Any CPU.ActiveCfg = Debug|Any CPU
		{2C1B4290-8AA9-4893-8506-98EA618E8DD5}.Debug|Any CPU.Build.0 = Debug|Any CPU
		{2C1B4290-8AA9-4893-8506-98EA618E8DD5}.Release|Any CPU.ActiveCfg = Release|Any CPU
		{2C1B4290-8AA9-4893-8506-98EA618E8DD5}.Release|Any CPU.Build.0 = Release|Any CPU
		{22994434-82DF-4529-8993-5A659A8CF06E}.Debug|Any CPU.ActiveCfg = Debug|Any CPU
		{22994434-82DF-4529-8993-5A659A8CF06E}.Debug|Any CPU.Build.0 = Debug|Any CPU
		{22994434-82DF-4529-8993-5A659A8CF06E}.Release|Any CPU.ActiveCfg = Release|Any CPU
		{22994434-82DF-4529-8993-5A659A8CF06E}.Release|Any CPU.Build.0 = Release|Any CPU
		{6C54E264-9BDF-42E6-9FC9-0C3566F85783}.Debug|Any CPU.ActiveCfg = Debug|Any CPU
		{6C54E264-9BDF-42E6-9FC9-0C3566F85783}.Debug|Any CPU.Build.0 = Debug|Any CPU
		{6C54E264-9BDF-42E6-9FC9-0C3566F85783}.Release|Any CPU.ActiveCfg = Release|Any CPU
		{6C54E264-9BDF-42E6-9FC9-0C3566F85783}.Release|Any CPU.Build.0 = Release|Any CPU
		{D82A5DEE-A088-4E88-97EB-521CE7B10957}.Debug|Any CPU.ActiveCfg = Debug|Any CPU
		{D82A5DEE-A088-4E88-97EB-521CE7B10957}.Debug|Any CPU.Build.0 = Debug|Any CPU
		{D82A5DEE-A088-4E88-97EB-521CE7B10957}.Release|Any CPU.ActiveCfg = Release|Any CPU
		{D82A5DEE-A088-4E88-97EB-521CE7B10957}.Release|Any CPU.Build.0 = Release|Any CPU
		{8B238B8A-FE79-4D88-A785-CD0467F43D1E}.Debug|Any CPU.ActiveCfg = Debug|Any CPU
		{8B238B8A-FE79-4D88-A785-CD0467F43D1E}.Debug|Any CPU.Build.0 = Debug|Any CPU
		{8B238B8A-FE79-4D88-A785-CD0467F43D1E}.Release|Any CPU.ActiveCfg = Release|Any CPU
		{8B238B8A-FE79-4D88-A785-CD0467F43D1E}.Release|Any CPU.Build.0 = Release|Any CPU
		{05A746F9-DFCC-45F6-B737-B54213F6FEF6}.Debug|Any CPU.ActiveCfg = Debug|Any CPU
		{05A746F9-DFCC-45F6-B737-B54213F6FEF6}.Debug|Any CPU.Build.0 = Debug|Any CPU
		{05A746F9-DFCC-45F6-B737-B54213F6FEF6}.Release|Any CPU.ActiveCfg = Release|Any CPU
		{05A746F9-DFCC-45F6-B737-B54213F6FEF6}.Release|Any CPU.Build.0 = Release|Any CPU
		{96605262-2551-4780-9B8A-8836EACDC49A}.Debug|Any CPU.ActiveCfg = Debug|Any CPU
		{96605262-2551-4780-9B8A-8836EACDC49A}.Debug|Any CPU.Build.0 = Debug|Any CPU
		{96605262-2551-4780-9B8A-8836EACDC49A}.Release|Any CPU.ActiveCfg = Release|Any CPU
		{96605262-2551-4780-9B8A-8836EACDC49A}.Release|Any CPU.Build.0 = Release|Any CPU
		{564D2082-07DF-4DB9-B240-30693C192C03}.Debug|Any CPU.ActiveCfg = Debug|Any CPU
		{564D2082-07DF-4DB9-B240-30693C192C03}.Debug|Any CPU.Build.0 = Debug|Any CPU
		{564D2082-07DF-4DB9-B240-30693C192C03}.Release|Any CPU.ActiveCfg = Release|Any CPU
		{564D2082-07DF-4DB9-B240-30693C192C03}.Release|Any CPU.Build.0 = Release|Any CPU
		{53273575-056E-40BB-B50F-BE412B8939A7}.Debug|Any CPU.ActiveCfg = Debug|Any CPU
		{53273575-056E-40BB-B50F-BE412B8939A7}.Debug|Any CPU.Build.0 = Debug|Any CPU
		{53273575-056E-40BB-B50F-BE412B8939A7}.Release|Any CPU.ActiveCfg = Release|Any CPU
		{53273575-056E-40BB-B50F-BE412B8939A7}.Release|Any CPU.Build.0 = Release|Any CPU
		{0E6C0A93-9F15-4D2B-AC9B-7CCC95D205B5}.Debug|Any CPU.ActiveCfg = Debug|Any CPU
		{0E6C0A93-9F15-4D2B-AC9B-7CCC95D205B5}.Debug|Any CPU.Build.0 = Debug|Any CPU
		{0E6C0A93-9F15-4D2B-AC9B-7CCC95D205B5}.Release|Any CPU.ActiveCfg = Release|Any CPU
		{0E6C0A93-9F15-4D2B-AC9B-7CCC95D205B5}.Release|Any CPU.Build.0 = Release|Any CPU
		{CBF4BF81-C467-4AD5-89C2-07C7BB465B6C}.Debug|Any CPU.ActiveCfg = Debug|Any CPU
		{CBF4BF81-C467-4AD5-89C2-07C7BB465B6C}.Debug|Any CPU.Build.0 = Debug|Any CPU
		{CBF4BF81-C467-4AD5-89C2-07C7BB465B6C}.Release|Any CPU.ActiveCfg = Release|Any CPU
		{CBF4BF81-C467-4AD5-89C2-07C7BB465B6C}.Release|Any CPU.Build.0 = Release|Any CPU
	EndGlobalSection
	GlobalSection(SolutionProperties) = preSolution
		HideSolutionNode = FALSE
	EndGlobalSection
	GlobalSection(ExtensibilityGlobals) = postSolution
		SolutionGuid = {6E3FBACC-D589-41D7-8D73-098143C2E062}
	EndGlobalSection
EndGlobal
